
Microsoft Visual Studio Solution File, Format Version 12.00
# Visual Studio Version 16
VisualStudioVersion = 16.0.32002.261
MinimumVisualStudioVersion = 10.0.40219.1
Project("{9A19103F-16F7-4668-BE54-9A1E7A4F7556}") = "FunCanvas", "FunCanvas\FunCanvas.csproj", "{5A5294E2-2F99-4362-BAAA-0E1EAC330D87}"
EndProject
Global
	GlobalSection(SolutionConfigurationPlatforms) = preSolution
		Debug|Any CPU = Debug|Any CPU
		Release|Any CPU = Release|Any CPU
	EndGlobalSection
	GlobalSection(ProjectConfigurationPlatforms) = postSolution
		{5A5294E2-2F99-4362-BAAA-0E1EAC330D87}.Debug|Any CPU.ActiveCfg = Debug|Any CPU
		{5A5294E2-2F99-4362-BAAA-0E1EAC330D87}.Debug|Any CPU.Build.0 = Debug|Any CPU
		{5A5294E2-2F99-4362-BAAA-0E1EAC330D87}.Release|Any CPU.ActiveCfg = Release|Any CPU
		{5A5294E2-2F99-4362-BAAA-0E1EAC330D87}.Release|Any CPU.Build.0 = Release|Any CPU
	EndGlobalSection
	GlobalSection(SolutionProperties) = preSolution
		HideSolutionNode = FALSE
	EndGlobalSection
	GlobalSection(ExtensibilityGlobals) = postSolution
		SolutionGuid = {00B8C496-F44A-4BBC-927C-7D135DDDACA6}
	EndGlobalSection
EndGlobal
